// !$*UTF8*$!
{
	archiveVersion = 1;
	classes = {
	};
	objectVersion = 90;
	objects = {

/* Begin PBXBuildFile section */
		01157F16C4621AAF133D1ACC /* TethrXWidget.appex in Embed Foundation Extensions */ = {isa = PBXBuildFile; fileRef = 6589C5324A6E475E382F477D /* TethrXWidget.appex */; settings = {ATTRIBUTES = (RemoveHeadersOnCopy, ); }; };
		02A622E230CFE8C5AADFCFA7 /* Assets.xcassets in Resources */ = {isa = PBXBuildFile; fileRef = 852618810ACCDC91D9A97489 /* Assets.xcassets */; };
		ABCDEF0123456789ABCD0001 /* Localizable.xcstrings in Resources */ = {isa = PBXBuildFile; fileRef = ABCDEF0123456789ABCD0002 /* Localizable.xcstrings */; };
		ABCDEF0123456789ABCD0003 /* PrivacyInfo.xcprivacy in Resources */ = {isa = PBXBuildFile; fileRef = ABCDEF0123456789ABCD0004 /* PrivacyInfo.xcprivacy */; };
		ABCDEF0123456789ABCE0082 /* PrivacyInfo.xcprivacy in Resources */ = {isa = PBXBuildFile; fileRef = ABCDEF0123456789ABCE0083 /* PrivacyInfo.xcprivacy */; };
		14BB01978075A3752C580A80 /* TethrXActivityAttributes.swift in Sources */ = {isa = PBXBuildFile; fileRef = A7612BF79AD63463E3B5D6FC /* TethrXActivityAttributes.swift */; };
		4F9776BF65B0B102CF1FC7BF /* TethrXLiveActivity.swift in Sources */ = {isa = PBXBuildFile; fileRef = 8B1FFF5E6864506E0A46A810 /* TethrXLiveActivity.swift */; };
		8303E04D875CC1FAECD4B00E /* TethrXActivityAttributes.swift in Sources */ = {isa = PBXBuildFile; fileRef = A7612BF79AD63463E3B5D6FC /* TethrXActivityAttributes.swift */; };
		960C6F2B21BBD510D8FBDBA8 /* Foundation.framework in Frameworks */ = {isa = PBXBuildFile; fileRef = 226D0756A8150867A0263A25 /* Foundation.framework */; };
		EA7E35F6B63083C8B55AA786 /* TethrXWidgetBundle.swift in Sources */ = {isa = PBXBuildFile; fileRef = 583894DD06DF65740766468F /* TethrXWidgetBundle.swift */; };
		ABCDEF0123456789ABCE0010 /* ShareViewController.swift in Sources */ = {isa = PBXBuildFile; fileRef = ABCDEF0123456789ABCE0001 /* ShareViewController.swift */; };
		ABCDEF0123456789ABCE0011 /* SharedConfig.swift in Sources */ = {isa = PBXBuildFile; fileRef = ABCDEF0123456789ABCE0002 /* SharedConfig.swift */; };
		ABCDEF0123456789ABCE0012 /* ShareClient.swift in Sources */ = {isa = PBXBuildFile; fileRef = ABCDEF0123456789ABCE0003 /* ShareClient.swift */; };
		ABCDEF0123456789ABCE0013 /* Pinning.swift in Sources */ = {isa = PBXBuildFile; fileRef = ABCDEF0123456789ABCE0004 /* Pinning.swift */; };
		ABCDEF0123456789ABCE0020 /* SharedConfig.swift in Sources */ = {isa = PBXBuildFile; fileRef = ABCDEF0123456789ABCE0002 /* SharedConfig.swift */; };
		ABCDEF0123456789ABCE0021 /* ShareClient.swift in Sources */ = {isa = PBXBuildFile; fileRef = ABCDEF0123456789ABCE0003 /* ShareClient.swift */; };
		ABCDEF0123456789ABCE0022 /* Pinning.swift in Sources */ = {isa = PBXBuildFile; fileRef = ABCDEF0123456789ABCE0004 /* Pinning.swift */; };
		ABCDEF0123456789ABCE0030 /* TethrXShare.appex in Embed Foundation Extensions */ = {isa = PBXBuildFile; fileRef = ABCDEF0123456789ABCE0005 /* TethrXShare.appex */; settings = {ATTRIBUTES = (RemoveHeadersOnCopy, ); }; };
		ABCDEF0123456789ABCE0080 /* Localizable.xcstrings in Resources */ = {isa = PBXBuildFile; fileRef = ABCDEF0123456789ABCE0081 /* Localizable.xcstrings */; };
		ABCDEF0123456789ABCF0031 /* TethrXWatch.app in Embed Watch Content */ = {isa = PBXBuildFile; fileRef = ABCDEF0123456789ABCF0003 /* TethrXWatch.app */; settings = {ATTRIBUTES = (RemoveHeadersOnCopy, ); }; };
		ABCDEF0123456789ABD00031 /* TethrXWatchWidget.appex in Embed Foundation Extensions */ = {isa = PBXBuildFile; fileRef = ABCDEF0123456789ABD00003 /* TethrXWatchWidget.appex */; settings = {ATTRIBUTES = (RemoveHeadersOnCopy, ); }; };
/* End PBXBuildFile section */

/* Begin PBXContainerItemProxy section */
		BB62BF2F003A1F4DBFBB98C4 /* PBXContainerItemProxy */ = {
			isa = PBXContainerItemProxy;
			containerPortal = DEADBEEF0000000000000001 /* Project object */;
			proxyType = 1;
			remoteGlobalIDString = B4541D1E84208A07D5F3EEAA;
			remoteInfo = TethrXWidget;
		};
		ABCDEF0123456789ABCE0051 /* PBXContainerItemProxy */ = {
			isa = PBXContainerItemProxy;
			containerPortal = DEADBEEF0000000000000001 /* Project object */;
			proxyType = 1;
			remoteGlobalIDString = ABCDEF0123456789ABCE0050;
			remoteInfo = TethrXShare;
		};
		ABCDEF0123456789ABCF0040 /* PBXContainerItemProxy */ = {
			isa = PBXContainerItemProxy;
			containerPortal = DEADBEEF0000000000000001 /* Project object */;
			proxyType = 1;
			remoteGlobalIDString = ABCDEF0123456789ABCF0010;
			remoteInfo = TethrXWatch;
		};
		ABCDEF0123456789ABD00040 /* PBXContainerItemProxy */ = {
			isa = PBXContainerItemProxy;
			containerPortal = DEADBEEF0000000000000001 /* Project object */;
			proxyType = 1;
			remoteGlobalIDString = ABCDEF0123456789ABD00010;
			remoteInfo = TethrXWatchWidget;
		};
/* End PBXContainerItemProxy section */

/* Begin PBXCopyFilesBuildPhase section */
		E69633B7E40A946D3938A446 /* Embed Foundation Extensions */ = {
			isa = PBXCopyFilesBuildPhase;
			dstPath = "";
			dstSubfolder = PlugIns;
			files = (
				01157F16C4621AAF133D1ACC /* TethrXWidget.appex in Embed Foundation Extensions */,
				ABCDEF0123456789ABCE0030 /* TethrXShare.appex in Embed Foundation Extensions */,
			);
			name = "Embed Foundation Extensions";
		};
		ABCDEF0123456789ABCF0030 /* Embed Watch Content */ = {
			isa = PBXCopyFilesBuildPhase;
			dstPath = "$(CONTENTS_FOLDER_PATH)/Watch";
			dstSubfolderSpec = 16;
			files = (
				ABCDEF0123456789ABCF0031 /* TethrXWatch.app in Embed Watch Content */,
			);
			name = "Embed Watch Content";
		};
		ABCDEF0123456789ABD00030 /* Embed Foundation Extensions */ = {
			isa = PBXCopyFilesBuildPhase;
			dstPath = "";
			dstSubfolder = PlugIns;
			files = (
				ABCDEF0123456789ABD00031 /* TethrXWatchWidget.appex in Embed Foundation Extensions */,
			);
			name = "Embed Foundation Extensions";
		};
/* End PBXCopyFilesBuildPhase section */

/* Begin PBXFileReference section */
		226D0756A8150867A0263A25 /* Foundation.framework */ = {isa = PBXFileReference; lastKnownFileType = wrapper.framework; name = Foundation.framework; path = Platforms/iPhoneOS.platform/Developer/SDKs/iPhoneOS26.0.sdk/System/Library/Frameworks/Foundation.framework; sourceTree = DEVELOPER_DIR; };
		583894DD06DF65740766468F /* TethrXWidgetBundle.swift */ = {isa = PBXFileReference; includeInIndex = 1; lastKnownFileType = sourcecode.swift; path = TethrXWidgetBundle.swift; sourceTree = "<group>"; };
		6589C5324A6E475E382F477D /* TethrXWidget.appex */ = {isa = PBXFileReference; explicitFileType = "wrapper.app-extension"; includeInIndex = 0; path = TethrXWidget.appex; sourceTree = BUILT_PRODUCTS_DIR; };
		852618810ACCDC91D9A97489 /* Assets.xcassets */ = {isa = PBXFileReference; includeInIndex = 1; lastKnownFileType = folder.assetcatalog; path = Assets.xcassets; sourceTree = "<group>"; };
		ABCDEF0123456789ABCD0002 /* Localizable.xcstrings */ = {isa = PBXFileReference; includeInIndex = 1; lastKnownFileType = text.json.xcstrings; path = Localizable.xcstrings; sourceTree = "<group>"; };
		ABCDEF0123456789ABCD0004 /* PrivacyInfo.xcprivacy */ = {isa = PBXFileReference; includeInIndex = 1; lastKnownFileType = text.xml; path = PrivacyInfo.xcprivacy; sourceTree = "<group>"; };
		ABCDEF0123456789ABCE0083 /* PrivacyInfo.xcprivacy */ = {isa = PBXFileReference; includeInIndex = 1; lastKnownFileType = text.xml; path = PrivacyInfo.xcprivacy; sourceTree = "<group>"; };
		8B1FFF5E6864506E0A46A810 /* TethrXLiveActivity.swift */ = {isa = PBXFileReference; includeInIndex = 1; lastKnownFileType = sourcecode.swift; path = TethrXLiveActivity.swift; sourceTree = "<group>"; };
		A7612BF79AD63463E3B5D6FC /* TethrXActivityAttributes.swift */ = {isa = PBXFileReference; includeInIndex = 1; lastKnownFileType = sourcecode.swift; path = TethrXActivityAttributes.swift; sourceTree = "<group>"; };
		DEADBEEF0000000000000006 /* GrokRemote.app */ = {isa = PBXFileReference; explicitFileType = wrapper.application; includeInIndex = 0; path = GrokRemote.app; sourceTree = BUILT_PRODUCTS_DIR; };
		ABCDEF0123456789ABCE0001 /* ShareViewController.swift */ = {isa = PBXFileReference; includeInIndex = 1; lastKnownFileType = sourcecode.swift; path = ShareViewController.swift; sourceTree = "<group>"; };
		ABCDEF0123456789ABCE0002 /* SharedConfig.swift */ = {isa = PBXFileReference; includeInIndex = 1; lastKnownFileType = sourcecode.swift; path = SharedConfig.swift; sourceTree = "<group>"; };
		ABCDEF0123456789ABCE0003 /* ShareClient.swift */ = {isa = PBXFileReference; includeInIndex = 1; lastKnownFileType = sourcecode.swift; path = ShareClient.swift; sourceTree = "<group>"; };
		ABCDEF0123456789ABCE0004 /* Pinning.swift */ = {isa = PBXFileReference; includeInIndex = 1; lastKnownFileType = sourcecode.swift; path = Pinning.swift; sourceTree = "<group>"; };
		ABCDEF0123456789ABCE0005 /* TethrXShare.appex */ = {isa = PBXFileReference; explicitFileType = "wrapper.app-extension"; includeInIndex = 0; path = TethrXShare.appex; sourceTree = BUILT_PRODUCTS_DIR; };
		ABCDEF0123456789ABCE0081 /* Localizable.xcstrings */ = {isa = PBXFileReference; includeInIndex = 1; lastKnownFileType = text.json.xcstrings; path = Localizable.xcstrings; sourceTree = "<group>"; };
		ABCDEF0123456789ABCF0003 /* TethrXWatch.app */ = {isa = PBXFileReference; explicitFileType = wrapper.application; includeInIndex = 0; path = TethrXWatch.app; sourceTree = BUILT_PRODUCTS_DIR; };
		ABCDEF0123456789ABD00003 /* TethrXWatchWidget.appex */ = {isa = PBXFileReference; explicitFileType = "wrapper.app-extension"; includeInIndex = 0; path = TethrXWatchWidget.appex; sourceTree = BUILT_PRODUCTS_DIR; };
/* End PBXFileReference section */

/* Begin PBXFileSystemSynchronizedBuildFileExceptionSet section */
		DEADBEEF0000000000000010 /* Exceptions for "GrokRemote" folder in "GrokRemote" target */ = {
			isa = PBXFileSystemSynchronizedBuildFileExceptionSet;
			membershipExceptions = (
				Info.plist,
			);
			target = DEADBEEF0000000000000005 /* GrokRemote */;
		};
		ABCDEF0123456789ABCF0002 /* Exceptions for "TethrXWatch" folder in "TethrXWatch" target */ = {
			isa = PBXFileSystemSynchronizedBuildFileExceptionSet;
			membershipExceptions = (
				Info.plist,
				TethrXWatch.entitlements,
			);
			target = ABCDEF0123456789ABCF0010 /* TethrXWatch */;
		};
		ABCDEF0123456789ABD00002 /* Exceptions for "TethrXWatchWidget" folder in "TethrXWatchWidget" target */ = {
			isa = PBXFileSystemSynchronizedBuildFileExceptionSet;
			membershipExceptions = (
				Info.plist,
				TethrXWatchWidget.entitlements,
			);
			target = ABCDEF0123456789ABD00010 /* TethrXWatchWidget */;
		};
/* End PBXFileSystemSynchronizedBuildFileExceptionSet section */

/* Begin PBXFileSystemSynchronizedRootGroup section */
		DEADBEEF0000000000000004 /* GrokRemote */ = {
			isa = PBXFileSystemSynchronizedRootGroup;
			exceptions = (
				DEADBEEF0000000000000010 /* Exceptions for "GrokRemote" folder in "GrokRemote" target */,
			);
			path = GrokRemote;
			sourceTree = "<group>";
		};
		ABCDEF0123456789ABCF0001 /* TethrXWatch */ = {
			isa = PBXFileSystemSynchronizedRootGroup;
			exceptions = (
				ABCDEF0123456789ABCF0002 /* Exceptions for "TethrXWatch" folder in "TethrXWatch" target */,
			);
			path = TethrXWatch;
			sourceTree = "<group>";
		};
		ABCDEF0123456789ABD00001 /* TethrXWatchWidget */ = {
			isa = PBXFileSystemSynchronizedRootGroup;
			exceptions = (
				ABCDEF0123456789ABD00002 /* Exceptions for "TethrXWatchWidget" folder in "TethrXWatchWidget" target */,
			);
			path = TethrXWatchWidget;
			sourceTree = "<group>";
		};
/* End PBXFileSystemSynchronizedRootGroup section */

/* Begin PBXFrameworksBuildPhase section */
		5F46E30BB6E9561E9DB183B1 /* Frameworks */ = {
			isa = PBXFrameworksBuildPhase;
			files = (
				960C6F2B21BBD510D8FBDBA8 /* Foundation.framework in Frameworks */,
			);
		};
		DEADBEEF0000000000000008 /* Frameworks */ = {
			isa = PBXFrameworksBuildPhase;
			files = (
			);
		};
		ABCDEF0123456789ABCE0061 /* Frameworks */ = {
			isa = PBXFrameworksBuildPhase;
			files = (
			);
		};
		ABCDEF0123456789ABCF0012 /* Frameworks */ = {
			isa = PBXFrameworksBuildPhase;
			files = (
			);
		};
		ABCDEF0123456789ABD00012 /* Frameworks */ = {
			isa = PBXFrameworksBuildPhase;
			files = (
			);
		};
/* End PBXFrameworksBuildPhase section */

/* Begin PBXGroup section */
		76A7E12F68E19B5879B4105E /* Frameworks */ = {
			isa = PBXGroup;
			children = (
				AC2F7DBAD12982AC2FC5BE24 /* iOS */,
			);
			name = Frameworks;
			sourceTree = "<group>";
		};
		9AE93B63BD577E4F0E44E3EC /* TethrXWidget */ = {
			isa = PBXGroup;
			children = (
				A7612BF79AD63463E3B5D6FC /* TethrXActivityAttributes.swift */,
				8B1FFF5E6864506E0A46A810 /* TethrXLiveActivity.swift */,
				583894DD06DF65740766468F /* TethrXWidgetBundle.swift */,
				852618810ACCDC91D9A97489 /* Assets.xcassets */,
				ABCDEF0123456789ABCD0002 /* Localizable.xcstrings */,
				ABCDEF0123456789ABCD0004 /* PrivacyInfo.xcprivacy */,
			);
			path = TethrXWidget;
			sourceTree = "<group>";
		};
		AC2F7DBAD12982AC2FC5BE24 /* iOS */ = {
			isa = PBXGroup;
			children = (
				226D0756A8150867A0263A25 /* Foundation.framework */,
			);
			name = iOS;
			sourceTree = "<group>";
		};
		DEADBEEF0000000000000002 = {
			isa = PBXGroup;
			children = (
				DEADBEEF0000000000000004 /* GrokRemote */,
				DEADBEEF0000000000000003 /* Products */,
				76A7E12F68E19B5879B4105E /* Frameworks */,
				9AE93B63BD577E4F0E44E3EC /* TethrXWidget */,
				ABCDEF0123456789ABCE0040 /* TethrXShare */,
				ABCDEF0123456789ABCE0041 /* Shared */,
				ABCDEF0123456789ABCF0001 /* TethrXWatch */,
				ABCDEF0123456789ABD00001 /* TethrXWatchWidget */,
			);
			sourceTree = "<group>";
		};
		DEADBEEF0000000000000003 /* Products */ = {
			isa = PBXGroup;
			children = (
				DEADBEEF0000000000000006 /* GrokRemote.app */,
				6589C5324A6E475E382F477D /* TethrXWidget.appex */,
				ABCDEF0123456789ABCE0005 /* TethrXShare.appex */,
				ABCDEF0123456789ABCF0003 /* TethrXWatch.app */,
				ABCDEF0123456789ABD00003 /* TethrXWatchWidget.appex */,
			);
			name = Products;
			sourceTree = "<group>";
		};
		ABCDEF0123456789ABCE0040 /* TethrXShare */ = {
			isa = PBXGroup;
			children = (
				ABCDEF0123456789ABCE0001 /* ShareViewController.swift */,
				ABCDEF0123456789ABCE0081 /* Localizable.xcstrings */,
				ABCDEF0123456789ABCE0083 /* PrivacyInfo.xcprivacy */,
			);
			path = TethrXShare;
			sourceTree = "<group>";
		};
		ABCDEF0123456789ABCE0041 /* Shared */ = {
			isa = PBXGroup;
			children = (
				ABCDEF0123456789ABCE0002 /* SharedConfig.swift */,
				ABCDEF0123456789ABCE0003 /* ShareClient.swift */,
				ABCDEF0123456789ABCE0004 /* Pinning.swift */,
			);
			path = Shared;
			sourceTree = "<group>";
		};
/* End PBXGroup section */

/* Begin PBXNativeTarget section */
		B4541D1E84208A07D5F3EEAA /* TethrXWidget */ = {
			isa = PBXNativeTarget;
			buildConfigurationList = E3A48E5F23AAF97EFB17051A /* Build configuration list for PBXNativeTarget "TethrXWidget" */;
			buildPhases = (
				1C38722F237418AB0EEF1583 /* Sources */,
				5F46E30BB6E9561E9DB183B1 /* Frameworks */,
				2D92E3A6F1B878D31A84A8A7 /* Resources */,
			);
			buildRules = (
			);
			name = TethrXWidget;
			productName = TethrXWidget;
			productReference = 6589C5324A6E475E382F477D /* TethrXWidget.appex */;
			productType = "com.apple.product-type.app-extension";
		};
		DEADBEEF0000000000000005 /* GrokRemote */ = {
			isa = PBXNativeTarget;
			buildConfigurationList = DEADBEEF000000000000000B /* Build configuration list for PBXNativeTarget "GrokRemote" */;
			buildPhases = (
				DEADBEEF0000000000000007 /* Sources */,
				DEADBEEF0000000000000008 /* Frameworks */,
				DEADBEEF0000000000000009 /* Resources */,
				E69633B7E40A946D3938A446 /* Embed Foundation Extensions */,
				ABCDEF0123456789ABCF0030 /* Embed Watch Content */,
			);
			buildRules = (
			);
			dependencies = (
				01312C879EC3DA4E268FE0E8 /* PBXTargetDependency */,
				ABCDEF0123456789ABCE0052 /* PBXTargetDependency */,
				ABCDEF0123456789ABCF0041 /* PBXTargetDependency */,
			);
			fileSystemSynchronizedGroups = (
				DEADBEEF0000000000000004 /* GrokRemote */,
			);
			name = GrokRemote;
			productName = GrokRemote;
			productReference = DEADBEEF0000000000000006 /* GrokRemote.app */;
			productType = "com.apple.product-type.application";
		};
		ABCDEF0123456789ABCE0050 /* TethrXShare */ = {
			isa = PBXNativeTarget;
			buildConfigurationList = ABCDEF0123456789ABCE0070 /* Build configuration list for PBXNativeTarget "TethrXShare" */;
			buildPhases = (
				ABCDEF0123456789ABCE0060 /* Sources */,
				ABCDEF0123456789ABCE0061 /* Frameworks */,
				ABCDEF0123456789ABCE0062 /* Resources */,
			);
			buildRules = (
			);
			name = TethrXShare;
			productName = TethrXShare;
			productReference = ABCDEF0123456789ABCE0005 /* TethrXShare.appex */;
			productType = "com.apple.product-type.app-extension";
		};
		ABCDEF0123456789ABCF0010 /* TethrXWatch */ = {
			isa = PBXNativeTarget;
			buildConfigurationList = ABCDEF0123456789ABCF0022 /* Build configuration list for PBXNativeTarget "TethrXWatch" */;
			buildPhases = (
				ABCDEF0123456789ABCF0011 /* Sources */,
				ABCDEF0123456789ABCF0012 /* Frameworks */,
				ABCDEF0123456789ABCF0013 /* Resources */,
				ABCDEF0123456789ABD00030 /* Embed Foundation Extensions */,
			);
			buildRules = (
			);
			dependencies = (
				ABCDEF0123456789ABD00041 /* PBXTargetDependency */,
			);
			fileSystemSynchronizedGroups = (
				ABCDEF0123456789ABCF0001 /* TethrXWatch */,
			);
			name = TethrXWatch;
			productName = TethrXWatch;
			productReference = ABCDEF0123456789ABCF0003 /* TethrXWatch.app */;
			productType = "com.apple.product-type.application";
		};
		ABCDEF0123456789ABD00010 /* TethrXWatchWidget */ = {
			isa = PBXNativeTarget;
			buildConfigurationList = ABCDEF0123456789ABD00022 /* Build configuration list for PBXNativeTarget "TethrXWatchWidget" */;
			buildPhases = (
				ABCDEF0123456789ABD00011 /* Sources */,
				ABCDEF0123456789ABD00012 /* Frameworks */,
				ABCDEF0123456789ABD00013 /* Resources */,
			);
			buildRules = (
			);
			dependencies = (
			);
			fileSystemSynchronizedGroups = (
				ABCDEF0123456789ABD00001 /* TethrXWatchWidget */,
			);
			name = TethrXWatchWidget;
			productName = TethrXWatchWidget;
			productReference = ABCDEF0123456789ABD00003 /* TethrXWatchWidget.appex */;
			productType = "com.apple.product-type.app-extension";
		};
/* End PBXNativeTarget section */

/* Begin PBXProject section */
		DEADBEEF0000000000000001 /* Project object */ = {
			isa = PBXProject;
			attributes = {
				BuildIndependentTargetsInParallel = 1;
				LastSwiftUpdateCheck = 2660;
				LastUpgradeCheck = 2660;
				TargetAttributes = {
					DEADBEEF0000000000000005 = {
						CreatedOnToolsVersion = 26.6;
					};
				};
			};
			buildConfigurationList = DEADBEEF000000000000000A /* Build configuration list for PBXProject "GrokRemote" */;
			developmentRegion = en;
			hasScannedForEncodings = 0;
			knownRegions = (
				en,
				fr,
				es,
				de,
				it,
				"pt-BR",
				ja,
				"zh-Hans",
				Base,
			);
			mainGroup = DEADBEEF0000000000000002;
			minimizedProjectReferenceProxies = 1;
			preferredProjectObjectVersion = 90;
			productRefGroup = DEADBEEF0000000000000003 /* Products */;
			projectDirPath = "";
			projectRoot = "";
			targets = (
				DEADBEEF0000000000000005 /* GrokRemote */,
				B4541D1E84208A07D5F3EEAA /* TethrXWidget */,
				ABCDEF0123456789ABCE0050 /* TethrXShare */,
				ABCDEF0123456789ABCF0010 /* TethrXWatch */,
				ABCDEF0123456789ABD00010 /* TethrXWatchWidget */,
			);
		};
/* End PBXProject section */

/* Begin PBXResourcesBuildPhase section */
		2D92E3A6F1B878D31A84A8A7 /* Resources */ = {
			isa = PBXResourcesBuildPhase;
			files = (
				02A622E230CFE8C5AADFCFA7 /* Assets.xcassets in Resources */,
				ABCDEF0123456789ABCD0001 /* Localizable.xcstrings in Resources */,
				ABCDEF0123456789ABCD0003 /* PrivacyInfo.xcprivacy in Resources */,
			);
		};
		DEADBEEF0000000000000009 /* Resources */ = {
			isa = PBXResourcesBuildPhase;
			files = (
			);
		};
		ABCDEF0123456789ABCE0062 /* Resources */ = {
			isa = PBXResourcesBuildPhase;
			files = (
				ABCDEF0123456789ABCE0080 /* Localizable.xcstrings in Resources */,
				ABCDEF0123456789ABCE0082 /* PrivacyInfo.xcprivacy in Resources */,
			);
		};
		ABCDEF0123456789ABCF0013 /* Resources */ = {
			isa = PBXResourcesBuildPhase;
			files = (
			);
		};
		ABCDEF0123456789ABD00013 /* Resources */ = {
			isa = PBXResourcesBuildPhase;
			files = (
			);
		};
/* End PBXResourcesBuildPhase section */

/* Begin PBXSourcesBuildPhase section */
		1C38722F237418AB0EEF1583 /* Sources */ = {
			isa = PBXSourcesBuildPhase;
			files = (
				8303E04D875CC1FAECD4B00E /* TethrXActivityAttributes.swift in Sources */,
				4F9776BF65B0B102CF1FC7BF /* TethrXLiveActivity.swift in Sources */,
				EA7E35F6B63083C8B55AA786 /* TethrXWidgetBundle.swift in Sources */,
			);
		};
		DEADBEEF0000000000000007 /* Sources */ = {
			isa = PBXSourcesBuildPhase;
			files = (
				14BB01978075A3752C580A80 /* TethrXActivityAttributes.swift in Sources */,
				ABCDEF0123456789ABCE0020 /* SharedConfig.swift in Sources */,
				ABCDEF0123456789ABCE0021 /* ShareClient.swift in Sources */,
				ABCDEF0123456789ABCE0022 /* Pinning.swift in Sources */,
			);
		};
		ABCDEF0123456789ABCE0060 /* Sources */ = {
			isa = PBXSourcesBuildPhase;
			files = (
				ABCDEF0123456789ABCE0010 /* ShareViewController.swift in Sources */,
				ABCDEF0123456789ABCE0011 /* SharedConfig.swift in Sources */,
				ABCDEF0123456789ABCE0012 /* ShareClient.swift in Sources */,
				ABCDEF0123456789ABCE0013 /* Pinning.swift in Sources */,
			);
		};
		ABCDEF0123456789ABCF0011 /* Sources */ = {
			isa = PBXSourcesBuildPhase;
			files = (
			);
		};
		ABCDEF0123456789ABD00011 /* Sources */ = {
			isa = PBXSourcesBuildPhase;
			files = (
			);
		};
/* End PBXSourcesBuildPhase section */

/* Begin PBXTargetDependency section */
		01312C879EC3DA4E268FE0E8 /* PBXTargetDependency */ = {
			isa = PBXTargetDependency;
			name = TethrXWidget;
			target = B4541D1E84208A07D5F3EEAA /* TethrXWidget */;
			targetProxy = BB62BF2F003A1F4DBFBB98C4 /* PBXContainerItemProxy */;
		};
		ABCDEF0123456789ABCE0052 /* PBXTargetDependency */ = {
			isa = PBXTargetDependency;
			name = TethrXShare;
			target = ABCDEF0123456789ABCE0050 /* TethrXShare */;
			targetProxy = ABCDEF0123456789ABCE0051 /* PBXContainerItemProxy */;
		};
		ABCDEF0123456789ABCF0041 /* PBXTargetDependency */ = {
			isa = PBXTargetDependency;
			name = TethrXWatch;
			target = ABCDEF0123456789ABCF0010 /* TethrXWatch */;
			targetProxy = ABCDEF0123456789ABCF0040 /* PBXContainerItemProxy */;
		};
		ABCDEF0123456789ABD00041 /* PBXTargetDependency */ = {
			isa = PBXTargetDependency;
			name = TethrXWatchWidget;
			target = ABCDEF0123456789ABD00010 /* TethrXWatchWidget */;
			targetProxy = ABCDEF0123456789ABD00040 /* PBXContainerItemProxy */;
		};
/* End PBXTargetDependency section */

/* Begin XCBuildConfiguration section */
		1D1BBF549F95AB722C2E8680 /* Release configuration for PBXNativeTarget "TethrXWidget" */ = {
			isa = XCBuildConfiguration;
			buildSettings = {
				CLANG_ENABLE_OBJC_WEAK = NO;
				CODE_SIGN_ENTITLEMENTS = TethrXWidget/TethrXWidget.entitlements;
				CODE_SIGN_STYLE = Automatic;
				CURRENT_PROJECT_VERSION = 52;
				DEVELOPMENT_TEAM = KKRU446268;
				ENABLE_PREVIEWS = YES;
				GENERATE_INFOPLIST_FILE = NO;
				INFOPLIST_FILE = TethrXWidget/Info.plist;
				IPHONEOS_DEPLOYMENT_TARGET = 17.0;
				LD_RUNPATH_SEARCH_PATHS = (
					"$(inherited)",
					"@executable_path/Frameworks",
					"@executable_path/../../Frameworks",
				);
				MARKETING_VERSION = 1.1.2;
				PRODUCT_BUNDLE_IDENTIFIER = com.tethrx.app.TethrXWidget;
				PRODUCT_NAME = "$(TARGET_NAME)";
				SDKROOT = iphoneos;
				SKIP_INSTALL = YES;
				SWIFT_EMIT_LOC_STRINGS = YES;
				SWIFT_VERSION = 5.0;
				TARGETED_DEVICE_FAMILY = "1,2";
				VALIDATE_PRODUCT = YES;
			};
			name = Release;
		};
		2986EA1B699187505B7860A3 /* Debug configuration for PBXNativeTarget "TethrXWidget" */ = {
			isa = XCBuildConfiguration;
			buildSettings = {
				CLANG_ENABLE_OBJC_WEAK = NO;
				CODE_SIGN_ENTITLEMENTS = TethrXWidget/TethrXWidget.entitlements;
				CODE_SIGN_STYLE = Automatic;
				CURRENT_PROJECT_VERSION = 52;
				DEVELOPMENT_TEAM = KKRU446268;
				ENABLE_PREVIEWS = YES;
				GENERATE_INFOPLIST_FILE = NO;
				INFOPLIST_FILE = TethrXWidget/Info.plist;
				IPHONEOS_DEPLOYMENT_TARGET = 17.0;
				LD_RUNPATH_SEARCH_PATHS = (
					"$(inherited)",
					"@executable_path/Frameworks",
					"@executable_path/../../Frameworks",
				);
				MARKETING_VERSION = 1.1.2;
				PRODUCT_BUNDLE_IDENTIFIER = com.tethrx.app.TethrXWidget;
				PRODUCT_NAME = "$(TARGET_NAME)";
				SDKROOT = iphoneos;
				SKIP_INSTALL = YES;
				SWIFT_EMIT_LOC_STRINGS = YES;
				SWIFT_VERSION = 5.0;
				TARGETED_DEVICE_FAMILY = "1,2";
			};
			name = Debug;
		};
		DEADBEEF000000000000000C /* Debug configuration for PBXProject "GrokRemote" */ = {
			isa = XCBuildConfiguration;
			buildSettings = {
				ALWAYS_SEARCH_USER_PATHS = NO;
				ASSETCATALOG_COMPILER_GENERATE_SWIFT_ASSET_SYMBOL_EXTENSIONS = YES;
				CLANG_ANALYZER_NONNULL = YES;
				CLANG_ENABLE_MODULES = YES;
				CLANG_ENABLE_OBJC_ARC = YES;
				CLANG_WARN_BLOCK_CAPTURE_AUTORELEASING = YES;
				CLANG_WARN_BOOL_CONVERSION = YES;
				CLANG_WARN_COMMA = YES;
				CLANG_WARN_CONSTANT_CONVERSION = YES;
				CLANG_WARN_DEPRECATED_OBJC_IMPLEMENTATIONS = YES;
				CLANG_WARN_DOCUMENTATION_COMMENTS = YES;
				CLANG_WARN_EMPTY_BODY = YES;
				CLANG_WARN_ENUM_CONVERSION = YES;
				CLANG_WARN_INFINITE_RECURSION = YES;
				CLANG_WARN_INT_CONVERSION = YES;
				CLANG_WARN_NON_LITERAL_NULL_CONVERSION = YES;
				CLANG_WARN_OBJC_IMPLICIT_RETAIN_SELF = YES;
				CLANG_WARN_OBJC_LITERAL_CONVERSION = YES;
				CLANG_WARN_QUOTED_INCLUDE_IN_FRAMEWORK_HEADER = YES;
				CLANG_WARN_RANGE_LOOP_ANALYSIS = YES;
				CLANG_WARN_STRICT_PROTOTYPES = YES;
				CLANG_WARN_SUSPICIOUS_MOVE = YES;
				CLANG_WARN_UNREACHABLE_CODE = YES;
				CLANG_WARN__DUPLICATE_METHOD_MATCH = YES;
				COPY_PHASE_STRIP = NO;
				DEBUG_INFORMATION_FORMAT = dwarf;
				ENABLE_STRICT_OBJC_MSGSEND = YES;
				ENABLE_TESTABILITY = YES;
				ENABLE_USER_SCRIPT_SANDBOXING = YES;
				GCC_C_LANGUAGE_STANDARD = gnu17;
				GCC_DYNAMIC_NO_PIC = NO;
				GCC_NO_COMMON_BLOCKS = YES;
				GCC_OPTIMIZATION_LEVEL = 0;
				GCC_PREPROCESSOR_DEFINITIONS = (
					"DEBUG=1",
					"$(inherited)",
				);
				GCC_WARN_64_TO_32_BIT_CONVERSION = YES;
				GCC_WARN_ABOUT_RETURN_TYPE = YES;
				GCC_WARN_UNDECLARED_SELECTOR = YES;
				GCC_WARN_UNINITIALIZED_AUTOS = YES;
				GCC_WARN_UNUSED_FUNCTION = YES;
				GCC_WARN_UNUSED_VARIABLE = YES;
				IPHONEOS_DEPLOYMENT_TARGET = 17.0;
				MTL_ENABLE_DEBUG_INFO = INCLUDE_SOURCE;
				ONLY_ACTIVE_ARCH = YES;
				SDKROOT = iphoneos;
				STRING_CATALOG_GENERATE_SYMBOLS = YES;
				SWIFT_ACTIVE_COMPILATION_CONDITIONS = "DEBUG $(inherited)";
				SWIFT_OPTIMIZATION_LEVEL = "-Onone";
			};
			name = Debug;
		};
		DEADBEEF000000000000000D /* Release configuration for PBXProject "GrokRemote" */ = {
			isa = XCBuildConfiguration;
			buildSettings = {
				ALWAYS_SEARCH_USER_PATHS = NO;
				ASSETCATALOG_COMPILER_GENERATE_SWIFT_ASSET_SYMBOL_EXTENSIONS = YES;
				CLANG_ANALYZER_NONNULL = YES;
				CLANG_ENABLE_MODULES = YES;
				CLANG_ENABLE_OBJC_ARC = YES;
				CLANG_WARN_BLOCK_CAPTURE_AUTORELEASING = YES;
				CLANG_WARN_BOOL_CONVERSION = YES;
				CLANG_WARN_COMMA = YES;
				CLANG_WARN_CONSTANT_CONVERSION = YES;
				CLANG_WARN_DEPRECATED_OBJC_IMPLEMENTATIONS = YES;
				CLANG_WARN_EMPTY_BODY = YES;
				CLANG_WARN_ENUM_CONVERSION = YES;
				CLANG_WARN_INFINITE_RECURSION = YES;
				CLANG_WARN_INT_CONVERSION = YES;
				CLANG_WARN_NON_LITERAL_NULL_CONVERSION = YES;
				CLANG_WARN_OBJC_IMPLICIT_RETAIN_SELF = YES;
				CLANG_WARN_OBJC_LITERAL_CONVERSION = YES;
				CLANG_WARN_QUOTED_INCLUDE_IN_FRAMEWORK_HEADER = YES;
				CLANG_WARN_RANGE_LOOP_ANALYSIS = YES;
				CLANG_WARN_STRICT_PROTOTYPES = YES;
				CLANG_WARN_SUSPICIOUS_MOVE = YES;
				CLANG_WARN_UNREACHABLE_CODE = YES;
				CLANG_WARN__DUPLICATE_METHOD_MATCH = YES;
				COPY_PHASE_STRIP = NO;
				DEBUG_INFORMATION_FORMAT = "dwarf-with-dsym";
				ENABLE_NS_ASSERTIONS = NO;
				ENABLE_STRICT_OBJC_MSGSEND = YES;
				ENABLE_USER_SCRIPT_SANDBOXING = YES;
				GCC_C_LANGUAGE_STANDARD = gnu17;
				GCC_NO_COMMON_BLOCKS = YES;
				GCC_WARN_64_TO_32_BIT_CONVERSION = YES;
				GCC_WARN_ABOUT_RETURN_TYPE = YES;
				GCC_WARN_UNDECLARED_SELECTOR = YES;
				GCC_WARN_UNINITIALIZED_AUTOS = YES;
				GCC_WARN_UNUSED_FUNCTION = YES;
				GCC_WARN_UNUSED_VARIABLE = YES;
				IPHONEOS_DEPLOYMENT_TARGET = 17.0;
				MTL_ENABLE_DEBUG_INFO = NO;
				SDKROOT = iphoneos;
				STRING_CATALOG_GENERATE_SYMBOLS = YES;
				SWIFT_COMPILATION_MODE = wholemodule;
				VALIDATE_PRODUCT = YES;
			};
			name = Release;
		};
		DEADBEEF000000000000000E /* Debug configuration for PBXNativeTarget "GrokRemote" */ = {
			isa = XCBuildConfiguration;
			buildSettings = {
				ASSETCATALOG_COMPILER_APPICON_NAME = AppIcon;
				ASSETCATALOG_COMPILER_GLOBAL_ACCENT_COLOR_NAME = AccentColor;
				CODE_SIGN_ENTITLEMENTS = GrokRemote/GrokRemote.entitlements;
				CODE_SIGN_STYLE = Automatic;
				CURRENT_PROJECT_VERSION = 52;
				DEVELOPMENT_TEAM = KKRU446268;
				ENABLE_PREVIEWS = YES;
				GENERATE_INFOPLIST_FILE = NO;
				INFOPLIST_FILE = GrokRemote/Info.plist;
				INFOPLIST_KEY_LSApplicationCategoryType = "public.app-category.developer-tools";
				IPHONEOS_DEPLOYMENT_TARGET = 17.0;
				LD_RUNPATH_SEARCH_PATHS = (
					"$(inherited)",
					"@executable_path/Frameworks",
				);
				MARKETING_VERSION = 1.1.2;
				PRODUCT_BUNDLE_IDENTIFIER = com.tethrx.app;
				PRODUCT_NAME = "$(TARGET_NAME)";
				SWIFT_EMIT_LOC_STRINGS = YES;
				SWIFT_VERSION = 5.0;
				TARGETED_DEVICE_FAMILY = "1,2";
			};
			name = Debug;
		};
		DEADBEEF000000000000000F /* Release configuration for PBXNativeTarget "GrokRemote" */ = {
			isa = XCBuildConfiguration;
			buildSettings = {
				ASSETCATALOG_COMPILER_APPICON_NAME = AppIcon;
				ASSETCATALOG_COMPILER_GLOBAL_ACCENT_COLOR_NAME = AccentColor;
				CODE_SIGN_ENTITLEMENTS = GrokRemote/GrokRemote.entitlements;
				CODE_SIGN_STYLE = Automatic;
				CURRENT_PROJECT_VERSION = 52;
				DEVELOPMENT_TEAM = KKRU446268;
				ENABLE_PREVIEWS = YES;
				GENERATE_INFOPLIST_FILE = NO;
				INFOPLIST_FILE = GrokRemote/Info.plist;
				INFOPLIST_KEY_LSApplicationCategoryType = "public.app-category.developer-tools";
				IPHONEOS_DEPLOYMENT_TARGET = 17.0;
				LD_RUNPATH_SEARCH_PATHS = (
					"$(inherited)",
					"@executable_path/Frameworks",
				);
				MARKETING_VERSION = 1.1.2;
				PRODUCT_BUNDLE_IDENTIFIER = com.tethrx.app;
				PRODUCT_NAME = "$(TARGET_NAME)";
				SWIFT_EMIT_LOC_STRINGS = YES;
				SWIFT_VERSION = 5.0;
				TARGETED_DEVICE_FAMILY = "1,2";
			};
			name = Release;
		};
		ABCDEF0123456789ABCE0071 /* Debug configuration for PBXNativeTarget "TethrXShare" */ = {
			isa = XCBuildConfiguration;
			buildSettings = {
				CLANG_ENABLE_OBJC_WEAK = NO;
				CODE_SIGN_ENTITLEMENTS = TethrXShare/TethrXShare.entitlements;
				CODE_SIGN_STYLE = Automatic;
				CURRENT_PROJECT_VERSION = 52;
				DEVELOPMENT_TEAM = KKRU446268;
				GENERATE_INFOPLIST_FILE = NO;
				INFOPLIST_FILE = TethrXShare/Info.plist;
				IPHONEOS_DEPLOYMENT_TARGET = 17.0;
				LD_RUNPATH_SEARCH_PATHS = (
					"$(inherited)",
					"@executable_path/Frameworks",
					"@executable_path/../../Frameworks",
				);
				MARKETING_VERSION = 1.1.2;
				PRODUCT_BUNDLE_IDENTIFIER = com.tethrx.app.TethrXShare;
				PRODUCT_NAME = "$(TARGET_NAME)";
				SDKROOT = iphoneos;
				SKIP_INSTALL = YES;
				SWIFT_EMIT_LOC_STRINGS = YES;
				SWIFT_VERSION = 5.0;
				TARGETED_DEVICE_FAMILY = "1,2";
			};
			name = Debug;
		};
		ABCDEF0123456789ABCE0072 /* Release configuration for PBXNativeTarget "TethrXShare" */ = {
			isa = XCBuildConfiguration;
			buildSettings = {
				CLANG_ENABLE_OBJC_WEAK = NO;
				CODE_SIGN_ENTITLEMENTS = TethrXShare/TethrXShare.entitlements;
				CODE_SIGN_STYLE = Automatic;
				CURRENT_PROJECT_VERSION = 52;
				DEVELOPMENT_TEAM = KKRU446268;
				GENERATE_INFOPLIST_FILE = NO;
				INFOPLIST_FILE = TethrXShare/Info.plist;
				IPHONEOS_DEPLOYMENT_TARGET = 17.0;
				LD_RUNPATH_SEARCH_PATHS = (
					"$(inherited)",
					"@executable_path/Frameworks",
					"@executable_path/../../Frameworks",
				);
				MARKETING_VERSION = 1.1.2;
				PRODUCT_BUNDLE_IDENTIFIER = com.tethrx.app.TethrXShare;
				PRODUCT_NAME = "$(TARGET_NAME)";
				SDKROOT = iphoneos;
				SKIP_INSTALL = YES;
				SWIFT_EMIT_LOC_STRINGS = YES;
				SWIFT_VERSION = 5.0;
				TARGETED_DEVICE_FAMILY = "1,2";
				VALIDATE_PRODUCT = YES;
			};
			name = Release;
		};
		ABCDEF0123456789ABCF0020 /* Debug configuration for PBXNativeTarget "TethrXWatch" */ = {
			isa = XCBuildConfiguration;
			buildSettings = {
				ASSETCATALOG_COMPILER_APPICON_NAME = AppIcon;
				ASSETCATALOG_COMPILER_GLOBAL_ACCENT_COLOR_NAME = AccentColor;
				CODE_SIGN_ENTITLEMENTS = TethrXWatch/TethrXWatch.entitlements;
				CODE_SIGN_STYLE = Automatic;
				CURRENT_PROJECT_VERSION = 52;
				DEVELOPMENT_TEAM = KKRU446268;
				ENABLE_PREVIEWS = YES;
				GENERATE_INFOPLIST_FILE = NO;
				INFOPLIST_FILE = TethrXWatch/Info.plist;
				LD_RUNPATH_SEARCH_PATHS = (
					"$(inherited)",
					"@executable_path/Frameworks",
				);
				MARKETING_VERSION = 1.1.2;
				PRODUCT_BUNDLE_IDENTIFIER = com.tethrx.app.watchkitapp;
				PRODUCT_NAME = "$(TARGET_NAME)";
				SDKROOT = watchos;
				SKIP_INSTALL = YES;
				SUPPORTED_PLATFORMS = "watchos watchsimulator";
				SWIFT_EMIT_LOC_STRINGS = YES;
				SWIFT_VERSION = 5.0;
				TARGETED_DEVICE_FAMILY = 4;
				WATCHOS_DEPLOYMENT_TARGET = 10.0;
			};
			name = Debug;
		};
		ABCDEF0123456789ABCF0021 /* Release configuration for PBXNativeTarget "TethrXWatch" */ = {
			isa = XCBuildConfiguration;
			buildSettings = {
				ASSETCATALOG_COMPILER_APPICON_NAME = AppIcon;
				ASSETCATALOG_COMPILER_GLOBAL_ACCENT_COLOR_NAME = AccentColor;
				CODE_SIGN_ENTITLEMENTS = TethrXWatch/TethrXWatch.entitlements;
				CODE_SIGN_STYLE = Automatic;
				CURRENT_PROJECT_VERSION = 52;
				DEVELOPMENT_TEAM = KKRU446268;
				ENABLE_PREVIEWS = YES;
				GENERATE_INFOPLIST_FILE = NO;
				INFOPLIST_FILE = TethrXWatch/Info.plist;
				LD_RUNPATH_SEARCH_PATHS = (
					"$(inherited)",
					"@executable_path/Frameworks",
				);
				MARKETING_VERSION = 1.1.2;
				PRODUCT_BUNDLE_IDENTIFIER = com.tethrx.app.watchkitapp;
				PRODUCT_NAME = "$(TARGET_NAME)";
				SDKROOT = watchos;
				SKIP_INSTALL = YES;
				SUPPORTED_PLATFORMS = "watchos watchsimulator";
				SWIFT_EMIT_LOC_STRINGS = YES;
				SWIFT_VERSION = 5.0;
				TARGETED_DEVICE_FAMILY = 4;
				WATCHOS_DEPLOYMENT_TARGET = 10.0;
				VALIDATE_PRODUCT = YES;
			};
			name = Release;
		};
		ABCDEF0123456789ABD00020 /* Debug configuration for PBXNativeTarget "TethrXWatchWidget" */ = {
			isa = XCBuildConfiguration;
			buildSettings = {
				ASSETCATALOG_COMPILER_GLOBAL_ACCENT_COLOR_NAME = AccentColor;
				CLANG_ENABLE_OBJC_WEAK = NO;
				CODE_SIGN_ENTITLEMENTS = TethrXWatchWidget/TethrXWatchWidget.entitlements;
				CODE_SIGN_STYLE = Automatic;
				CURRENT_PROJECT_VERSION = 52;
				DEVELOPMENT_TEAM = KKRU446268;
				ENABLE_PREVIEWS = YES;
				GENERATE_INFOPLIST_FILE = NO;
				INFOPLIST_FILE = TethrXWatchWidget/Info.plist;
				LD_RUNPATH_SEARCH_PATHS = (
					"$(inherited)",
					"@executable_path/Frameworks",
					"@executable_path/../../Frameworks",
				);
				MARKETING_VERSION = 1.1.2;
				PRODUCT_BUNDLE_IDENTIFIER = com.tethrx.app.watchkitapp.widget;
				PRODUCT_NAME = "$(TARGET_NAME)";
				SDKROOT = watchos;
				SKIP_INSTALL = YES;
				SUPPORTED_PLATFORMS = "watchos watchsimulator";
				SWIFT_EMIT_LOC_STRINGS = YES;
				SWIFT_VERSION = 5.0;
				TARGETED_DEVICE_FAMILY = 4;
				WATCHOS_DEPLOYMENT_TARGET = 10.0;
			};
			name = Debug;
		};
		ABCDEF0123456789ABD00021 /* Release configuration for PBXNativeTarget "TethrXWatchWidget" */ = {
			isa = XCBuildConfiguration;
			buildSettings = {
				ASSETCATALOG_COMPILER_GLOBAL_ACCENT_COLOR_NAME = AccentColor;
				CLANG_ENABLE_OBJC_WEAK = NO;
				CODE_SIGN_ENTITLEMENTS = TethrXWatchWidget/TethrXWatchWidget.entitlements;
				CODE_SIGN_STYLE = Automatic;
				CURRENT_PROJECT_VERSION = 52;
				DEVELOPMENT_TEAM = KKRU446268;
				ENABLE_PREVIEWS = YES;
				GENERATE_INFOPLIST_FILE = NO;
				INFOPLIST_FILE = TethrXWatchWidget/Info.plist;
				LD_RUNPATH_SEARCH_PATHS = (
					"$(inherited)",
					"@executable_path/Frameworks",
					"@executable_path/../../Frameworks",
				);
				MARKETING_VERSION = 1.1.2;
				PRODUCT_BUNDLE_IDENTIFIER = com.tethrx.app.watchkitapp.widget;
				PRODUCT_NAME = "$(TARGET_NAME)";
				SDKROOT = watchos;
				SKIP_INSTALL = YES;
				SUPPORTED_PLATFORMS = "watchos watchsimulator";
				SWIFT_EMIT_LOC_STRINGS = YES;
				SWIFT_VERSION = 5.0;
				TARGETED_DEVICE_FAMILY = 4;
				WATCHOS_DEPLOYMENT_TARGET = 10.0;
				VALIDATE_PRODUCT = YES;
			};
			name = Release;
		};
/* End XCBuildConfiguration section */

/* Begin XCConfigurationList section */
		DEADBEEF000000000000000A /* Build configuration list for PBXProject "GrokRemote" */ = {
			isa = XCConfigurationList;
			buildConfigurations = (
				DEADBEEF000000000000000C /* Debug configuration for PBXProject "GrokRemote" */,
				DEADBEEF000000000000000D /* Release configuration for PBXProject "GrokRemote" */,
			);
			defaultConfigurationName = Release;
		};
		DEADBEEF000000000000000B /* Build configuration list for PBXNativeTarget "GrokRemote" */ = {
			isa = XCConfigurationList;
			buildConfigurations = (
				DEADBEEF000000000000000E /* Debug configuration for PBXNativeTarget "GrokRemote" */,
				DEADBEEF000000000000000F /* Release configuration for PBXNativeTarget "GrokRemote" */,
			);
			defaultConfigurationName = Release;
		};
		E3A48E5F23AAF97EFB17051A /* Build configuration list for PBXNativeTarget "TethrXWidget" */ = {
			isa = XCConfigurationList;
			buildConfigurations = (
				1D1BBF549F95AB722C2E8680 /* Release configuration for PBXNativeTarget "TethrXWidget" */,
				2986EA1B699187505B7860A3 /* Debug configuration for PBXNativeTarget "TethrXWidget" */,
			);
			defaultConfigurationName = Release;
		};
		ABCDEF0123456789ABCE0070 /* Build configuration list for PBXNativeTarget "TethrXShare" */ = {
			isa = XCConfigurationList;
			buildConfigurations = (
				ABCDEF0123456789ABCE0071 /* Debug */,
				ABCDEF0123456789ABCE0072 /* Release */,
			);
			defaultConfigurationIsVisible = 0;
			defaultConfigurationName = Release;
		};
		ABCDEF0123456789ABCF0022 /* Build configuration list for PBXNativeTarget "TethrXWatch" */ = {
			isa = XCConfigurationList;
			buildConfigurations = (
				ABCDEF0123456789ABCF0020 /* Debug */,
				ABCDEF0123456789ABCF0021 /* Release */,
			);
			defaultConfigurationIsVisible = 0;
			defaultConfigurationName = Release;
		};
		ABCDEF0123456789ABD00022 /* Build configuration list for PBXNativeTarget "TethrXWatchWidget" */ = {
			isa = XCConfigurationList;
			buildConfigurations = (
				ABCDEF0123456789ABD00020 /* Debug */,
				ABCDEF0123456789ABD00021 /* Release */,
			);
			defaultConfigurationIsVisible = 0;
			defaultConfigurationName = Release;
		};
/* End XCConfigurationList section */
	};
	rootObject = DEADBEEF0000000000000001 /* Project object */;
}
